
Microsoft Visual Studio Solution File, Format Version 12.00
# Visual Studio 2013
VisualStudioVersion = 12.0.31101.0
MinimumVisualStudioVersion = 10.0.40219.1
Project("{FAE04EC0-301F-11D3-BF4B-00C04F79EFBC}") = "ContextActionsSample", "ContextActionsSample\ContextActionsSample\ContextActionsSample.csproj", "{E9394831-9347-4EFE-B048-858B29FBDAA6}"
EndProject
Project("{FAE04EC0-301F-11D3-BF4B-00C04F79EFBC}") = "ContextActionsSample.iOS", "ContextActionsSample\ContextActionsSample.iOS\ContextActionsSample.iOS.csproj", "{1D6550B5-0B62-4284-8306-4FE86F344FAC}"
EndProject
Project("{FAE04EC0-301F-11D3-BF4B-00C04F79EFBC}") = "ContextActionsSample.Droid", "ContextActionsSample\ContextActionsSample.Droid\ContextActionsSample.Droid.csproj", "{6F4C3A0A-A9DE-4021-9E6B-AF907DE824D0}"
EndProject
Project("{FAE04EC0-301F-11D3-BF4B-00C04F79EFBC}") = "ContextActionsSample.WinPhone", "ContextActionsSample\ContextActionsSample.WinPhone\ContextActionsSample.WinPhone.csproj", "{D2C48F96-4C77-46FD-A9BF-5B4BC0305D3B}"
EndProject
Global
	GlobalSection(SolutionConfigurationPlatforms) = preSolution
		Ad-Hoc|Any CPU = Ad-Hoc|Any CPU
		Ad-Hoc|ARM = Ad-Hoc|ARM
		Ad-Hoc|iPhone = Ad-Hoc|iPhone
		Ad-Hoc|iPhoneSimulator = Ad-Hoc|iPhoneSimulator
		Ad-Hoc|Mixed Platforms = Ad-Hoc|Mixed Platforms
		Ad-Hoc|x86 = Ad-Hoc|x86
		AppStore|Any CPU = AppStore|Any CPU
		AppStore|ARM = AppStore|ARM
		AppStore|iPhone = AppStore|iPhone
		AppStore|iPhoneSimulator = AppStore|iPhoneSimulator
		AppStore|Mixed Platforms = AppStore|Mixed Platforms
		AppStore|x86 = AppStore|x86
		Debug|Any CPU = Debug|Any CPU
		Debug|ARM = Debug|ARM
		Debug|iPhone = Debug|iPhone
		Debug|iPhoneSimulator = Debug|iPhoneSimulator
		Debug|Mixed Platforms = Debug|Mixed Platforms
		Debug|x86 = Debug|x86
		Release|Any CPU = Release|Any CPU
		Release|ARM = Release|ARM
		Release|iPhone = Release|iPhone
		Release|iPhoneSimulator = Release|iPhoneSimulator
		Release|Mixed Platforms = Release|Mixed Platforms
		Release|x86 = Release|x86
	EndGlobalSection
	GlobalSection(ProjectConfigurationPlatforms) = postSolution
		{E9394831-9347-4EFE-B048-858B29FBDAA6}.Ad-Hoc|Any CPU.ActiveCfg = Release|Any CPU
		{E9394831-9347-4EFE-B048-858B29FBDAA6}.Ad-Hoc|Any CPU.Build.0 = Release|Any CPU
		{E9394831-9347-4EFE-B048-858B29FBDAA6}.Ad-Hoc|ARM.ActiveCfg = Release|Any CPU
		{E9394831-9347-4EFE-B048-858B29FBDAA6}.Ad-Hoc|iPhone.ActiveCfg = Release|Any CPU
		{E9394831-9347-4EFE-B048-858B29FBDAA6}.Ad-Hoc|iPhoneSimulator.ActiveCfg = Release|Any CPU
		{E9394831-9347-4EFE-B048-858B29FBDAA6}.Ad-Hoc|Mixed Platforms.ActiveCfg = Release|Any CPU
		{E9394831-9347-4EFE-B048-858B29FBDAA6}.Ad-Hoc|Mixed Platforms.Build.0 = Release|Any CPU
		{E9394831-9347-4EFE-B048-858B29FBDAA6}.Ad-Hoc|x86.ActiveCfg = Release|Any CPU
		{E9394831-9347-4EFE-B048-858B29FBDAA6}.AppStore|Any CPU.ActiveCfg = Release|Any CPU
		{E9394831-9347-4EFE-B048-858B29FBDAA6}.AppStore|Any CPU.Build.0 = Release|Any CPU
		{E9394831-9347-4EFE-B048-858B29FBDAA6}.AppStore|ARM.ActiveCfg = Release|Any CPU
		{E9394831-9347-4EFE-B048-858B29FBDAA6}.AppStore|iPhone.ActiveCfg = Release|Any CPU
		{E9394831-9347-4EFE-B048-858B29FBDAA6}.AppStore|iPhoneSimulator.ActiveCfg = Release|Any CPU
		{E9394831-9347-4EFE-B048-858B29FBDAA6}.AppStore|Mixed Platforms.ActiveCfg = Release|Any CPU
		{E9394831-9347-4EFE-B048-858B29FBDAA6}.AppStore|Mixed Platforms.Build.0 = Release|Any CPU
		{E9394831-9347-4EFE-B048-858B29FBDAA6}.AppStore|x86.ActiveCfg = Release|Any CPU
		{E9394831-9347-4EFE-B048-858B29FBDAA6}.Debug|Any CPU.ActiveCfg = Debug|Any CPU
		{E9394831-9347-4EFE-B048-858B29FBDAA6}.Debug|Any CPU.Build.0 = Debug|Any CPU
		{E9394831-9347-4EFE-B048-858B29FBDAA6}.Debug|ARM.ActiveCfg = Debug|Any CPU
		{E9394831-9347-4EFE-B048-858B29FBDAA6}.Debug|iPhone.ActiveCfg = Debug|Any CPU
		{E9394831-9347-4EFE-B048-858B29FBDAA6}.Debug|iPhone.Build.0 = Debug|Any CPU
		{E9394831-9347-4EFE-B048-858B29FBDAA6}.Debug|iPhoneSimulator.ActiveCfg = Debug|Any CPU
		{E9394831-9347-4EFE-B048-858B29FBDAA6}.Debug|iPhoneSimulator.Build.0 = Debug|Any CPU
		{E9394831-9347-4EFE-B048-858B29FBDAA6}.Debug|Mixed Platforms.ActiveCfg = Debug|Any CPU
		{E9394831-9347-4EFE-B048-858B29FBDAA6}.Debug|Mixed Platforms.Build.0 = Debug|Any CPU
		{E9394831-9347-4EFE-B048-858B29FBDAA6}.Debug|x86.ActiveCfg = Debug|Any CPU
		{E9394831-9347-4EFE-B048-858B29FBDAA6}.Release|Any CPU.ActiveCfg = Release|Any CPU
		{E9394831-9347-4EFE-B048-858B29FBDAA6}.Release|Any CPU.Build.0 = Release|Any CPU
		{E9394831-9347-4EFE-B048-858B29FBDAA6}.Release|ARM.ActiveCfg = Release|Any CPU
		{E9394831-9347-4EFE-B048-858B29FBDAA6}.Release|iPhone.ActiveCfg = Release|Any CPU
		{E9394831-9347-4EFE-B048-858B29FBDAA6}.Release|iPhoneSimulator.ActiveCfg = Release|Any CPU
		{E9394831-9347-4EFE-B048-858B29FBDAA6}.Release|Mixed Platforms.ActiveCfg = Release|Any CPU
		{E9394831-9347-4EFE-B048-858B29FBDAA6}.Release|Mixed Platforms.Build.0 = Release|Any CPU
		{E9394831-9347-4EFE-B048-858B29FBDAA6}.Release|x86.ActiveCfg = Release|Any CPU
		{1D6550B5-0B62-4284-8306-4FE86F344FAC}.Ad-Hoc|Any CPU.ActiveCfg = Ad-Hoc|iPhone
		{1D6550B5-0B62-4284-8306-4FE86F344FAC}.Ad-Hoc|ARM.ActiveCfg = Ad-Hoc|iPhone
		{1D6550B5-0B62-4284-8306-4FE86F344FAC}.Ad-Hoc|iPhone.ActiveCfg = Ad-Hoc|iPhone
		{1D6550B5-0B62-4284-8306-4FE86F344FAC}.Ad-Hoc|iPhone.Build.0 = Ad-Hoc|iPhone
		{1D6550B5-0B62-4284-8306-4FE86F344FAC}.Ad-Hoc|iPhoneSimulator.ActiveCfg = Ad-Hoc|iPhoneSimulator
		{1D6550B5-0B62-4284-8306-4FE86F344FAC}.Ad-Hoc|iPhoneSimulator.Build.0 = Ad-Hoc|iPhoneSimulator
		{1D6550B5-0B62-4284-8306-4FE86F344FAC}.Ad-Hoc|Mixed Platforms.ActiveCfg = Ad-Hoc|iPhone
		{1D6550B5-0B62-4284-8306-4FE86F344FAC}.Ad-Hoc|Mixed Platforms.Build.0 = Ad-Hoc|iPhone
		{1D6550B5-0B62-4284-8306-4FE86F344FAC}.Ad-Hoc|x86.ActiveCfg = Ad-Hoc|iPhone
		{1D6550B5-0B62-4284-8306-4FE86F344FAC}.AppStore|Any CPU.ActiveCfg = AppStore|iPhone
		{1D6550B5-0B62-4284-8306-4FE86F344FAC}.AppStore|ARM.ActiveCfg = AppStore|iPhone
		{1D6550B5-0B62-4284-8306-4FE86F344FAC}.AppStore|iPhone.ActiveCfg = AppStore|iPhone
		{1D6550B5-0B62-4284-8306-4FE86F344FAC}.AppStore|iPhone.Build.0 = AppStore|iPhone
		{1D6550B5-0B62-4284-8306-4FE86F344FAC}.AppStore|iPhoneSimulator.ActiveCfg = AppStore|iPhoneSimulator
		{1D6550B5-0B62-4284-8306-4FE86F344FAC}.AppStore|iPhoneSimulator.Build.0 = AppStore|iPhoneSimulator
		{1D6550B5-0B62-4284-8306-4FE86F344FAC}.AppStore|Mixed Platforms.ActiveCfg = AppStore|iPhone
		{1D6550B5-0B62-4284-8306-4FE86F344FAC}.AppStore|Mixed Platforms.Build.0 = AppStore|iPhone
		{1D6550B5-0B62-4284-8306-4FE86F344FAC}.AppStore|x86.ActiveCfg = AppStore|iPhone
		{1D6550B5-0B62-4284-8306-4FE86F344FAC}.Debug|Any CPU.ActiveCfg = Debug|iPhoneSimulator
		{1D6550B5-0B62-4284-8306-4FE86F344FAC}.Debug|Any CPU.Build.0 = Debug|iPhoneSimulator
		{1D6550B5-0B62-4284-8306-4FE86F344FAC}.Debug|ARM.ActiveCfg = Debug|iPhone
		{1D6550B5-0B62-4284-8306-4FE86F344FAC}.Debug|iPhone.ActiveCfg = Debug|iPhoneSimulator
		{1D6550B5-0B62-4284-8306-4FE86F344FAC}.Debug|iPhone.Build.0 = Debug|iPhoneSimulator
		{1D6550B5-0B62-4284-8306-4FE86F344FAC}.Debug|iPhoneSimulator.ActiveCfg = Debug|iPhoneSimulator
		{1D6550B5-0B62-4284-8306-4FE86F344FAC}.Debug|iPhoneSimulator.Build.0 = Debug|iPhoneSimulator
		{1D6550B5-0B62-4284-8306-4FE86F344FAC}.Debug|Mixed Platforms.ActiveCfg = Debug|iPhone
		{1D6550B5-0B62-4284-8306-4FE86F344FAC}.Debug|Mixed Platforms.Build.0 = Debug|iPhone
		{1D6550B5-0B62-4284-8306-4FE86F344FAC}.Debug|x86.ActiveCfg = Debug|iPhone
		{1D6550B5-0B62-4284-8306-4FE86F344FAC}.Release|Any CPU.ActiveCfg = Release|iPhone
		{1D6550B5-0B62-4284-8306-4FE86F344FAC}.Release|ARM.ActiveCfg = Release|iPhone
		{1D6550B5-0B62-4284-8306-4FE86F344FAC}.Release|iPhone.ActiveCfg = Release|iPhone
		{1D6550B5-0B62-4284-8306-4FE86F344FAC}.Release|iPhone.Build.0 = Release|iPhone
		{1D6550B5-0B62-4284-8306-4FE86F344FAC}.Release|iPhoneSimulator.ActiveCfg = Release|iPhoneSimulator
		{1D6550B5-0B62-4284-8306-4FE86F344FAC}.Release|iPhoneSimulator.Build.0 = Release|iPhoneSimulator
		{1D6550B5-0B62-4284-8306-4FE86F344FAC}.Release|Mixed Platforms.ActiveCfg = Release|iPhone
		{1D6550B5-0B62-4284-8306-4FE86F344FAC}.Release|Mixed Platforms.Build.0 = Release|iPhone
		{1D6550B5-0B62-4284-8306-4FE86F344FAC}.Release|x86.ActiveCfg = Release|iPhone
		{6F4C3A0A-A9DE-4021-9E6B-AF907DE824D0}.Ad-Hoc|Any CPU.ActiveCfg = Release|Any CPU
		{6F4C3A0A-A9DE-4021-9E6B-AF907DE824D0}.Ad-Hoc|Any CPU.Build.0 = Release|Any CPU
		{6F4C3A0A-A9DE-4021-9E6B-AF907DE824D0}.Ad-Hoc|Any CPU.Deploy.0 = Release|Any CPU
		{6F4C3A0A-A9DE-4021-9E6B-AF907DE824D0}.Ad-Hoc|ARM.ActiveCfg = Release|Any CPU
		{6F4C3A0A-A9DE-4021-9E6B-AF907DE824D0}.Ad-Hoc|iPhone.ActiveCfg = Release|Any CPU
		{6F4C3A0A-A9DE-4021-9E6B-AF907DE824D0}.Ad-Hoc|iPhoneSimulator.ActiveCfg = Release|Any CPU
		{6F4C3A0A-A9DE-4021-9E6B-AF907DE824D0}.Ad-Hoc|Mixed Platforms.ActiveCfg = Release|Any CPU
		{6F4C3A0A-A9DE-4021-9E6B-AF907DE824D0}.Ad-Hoc|Mixed Platforms.Build.0 = Release|Any CPU
		{6F4C3A0A-A9DE-4021-9E6B-AF907DE824D0}.Ad-Hoc|Mixed Platforms.Deploy.0 = Release|Any CPU
		{6F4C3A0A-A9DE-4021-9E6B-AF907DE824D0}.Ad-Hoc|x86.ActiveCfg = Release|Any CPU
		{6F4C3A0A-A9DE-4021-9E6B-AF907DE824D0}.AppStore|Any CPU.ActiveCfg = Release|Any CPU
		{6F4C3A0A-A9DE-4021-9E6B-AF907DE824D0}.AppStore|Any CPU.Build.0 = Release|Any CPU
		{6F4C3A0A-A9DE-4021-9E6B-AF907DE824D0}.AppStore|Any CPU.Deploy.0 = Release|Any CPU
		{6F4C3A0A-A9DE-4021-9E6B-AF907DE824D0}.AppStore|ARM.ActiveCfg = Release|Any CPU
		{6F4C3A0A-A9DE-4021-9E6B-AF907DE824D0}.AppStore|iPhone.ActiveCfg = Release|Any CPU
		{6F4C3A0A-A9DE-4021-9E6B-AF907DE824D0}.AppStore|iPhoneSimulator.ActiveCfg = Release|Any CPU
		{6F4C3A0A-A9DE-4021-9E6B-AF907DE824D0}.AppStore|Mixed Platforms.ActiveCfg = Release|Any CPU
		{6F4C3A0A-A9DE-4021-9E6B-AF907DE824D0}.AppStore|Mixed Platforms.Build.0 = Release|Any CPU
		{6F4C3A0A-A9DE-4021-9E6B-AF907DE824D0}.AppStore|Mixed Platforms.Deploy.0 = Release|Any CPU
		{6F4C3A0A-A9DE-4021-9E6B-AF907DE824D0}.AppStore|x86.ActiveCfg = Release|Any CPU
		{6F4C3A0A-A9DE-4021-9E6B-AF907DE824D0}.Debug|Any CPU.ActiveCfg = Debug|Any CPU
		{6F4C3A0A-A9DE-4021-9E6B-AF907DE824D0}.Debug|Any CPU.Build.0 = Debug|Any CPU
		{6F4C3A0A-A9DE-4021-9E6B-AF907DE824D0}.Debug|Any CPU.Deploy.0 = Debug|Any CPU
		{6F4C3A0A-A9DE-4021-9E6B-AF907DE824D0}.Debug|ARM.ActiveCfg = Debug|Any CPU
		{6F4C3A0A-A9DE-4021-9E6B-AF907DE824D0}.Debug|iPhone.ActiveCfg = Debug|Any CPU
		{6F4C3A0A-A9DE-4021-9E6B-AF907DE824D0}.Debug|iPhone.Build.0 = Debug|Any CPU
		{6F4C3A0A-A9DE-4021-9E6B-AF907DE824D0}.Debug|iPhone.Deploy.0 = Debug|Any CPU
		{6F4C3A0A-A9DE-4021-9E6B-AF907DE824D0}.Debug|iPhoneSimulator.ActiveCfg = Debug|Any CPU
		{6F4C3A0A-A9DE-4021-9E6B-AF907DE824D0}.Debug|iPhoneSimulator.Build.0 = Debug|Any CPU
		{6F4C3A0A-A9DE-4021-9E6B-AF907DE824D0}.Debug|iPhoneSimulator.Deploy.0 = Debug|Any CPU
		{6F4C3A0A-A9DE-4021-9E6B-AF907DE824D0}.Debug|Mixed Platforms.ActiveCfg = Debug|Any CPU
		{6F4C3A0A-A9DE-4021-9E6B-AF907DE824D0}.Debug|Mixed Platforms.Build.0 = Debug|Any CPU
		{6F4C3A0A-A9DE-4021-9E6B-AF907DE824D0}.Debug|Mixed Platforms.Deploy.0 = Debug|Any CPU
		{6F4C3A0A-A9DE-4021-9E6B-AF907DE824D0}.Debug|x86.ActiveCfg = Debug|Any CPU
		{6F4C3A0A-A9DE-4021-9E6B-AF907DE824D0}.Release|Any CPU.ActiveCfg = Release|Any CPU
		{6F4C3A0A-A9DE-4021-9E6B-AF907DE824D0}.Release|Any CPU.Build.0 = Release|Any CPU
		{6F4C3A0A-A9DE-4021-9E6B-AF907DE824D0}.Release|Any CPU.Deploy.0 = Release|Any CPU
		{6F4C3A0A-A9DE-4021-9E6B-AF907DE824D0}.Release|ARM.ActiveCfg = Release|Any CPU
		{6F4C3A0A-A9DE-4021-9E6B-AF907DE824D0}.Release|iPhone.ActiveCfg = Release|Any CPU
		{6F4C3A0A-A9DE-4021-9E6B-AF907DE824D0}.Release|iPhoneSimulator.ActiveCfg = Release|Any CPU
		{6F4C3A0A-A9DE-4021-9E6B-AF907DE824D0}.Release|Mixed Platforms.ActiveCfg = Release|Any CPU
		{6F4C3A0A-A9DE-4021-9E6B-AF907DE824D0}.Release|Mixed Platforms.Build.0 = Release|Any CPU
		{6F4C3A0A-A9DE-4021-9E6B-AF907DE824D0}.Release|Mixed Platforms.Deploy.0 = Release|Any CPU
		{6F4C3A0A-A9DE-4021-9E6B-AF907DE824D0}.Release|x86.ActiveCfg = Release|Any CPU
		{D2C48F96-4C77-46FD-A9BF-5B4BC0305D3B}.Ad-Hoc|Any CPU.ActiveCfg = Release|Any CPU
		{D2C48F96-4C77-46FD-A9BF-5B4BC0305D3B}.Ad-Hoc|Any CPU.Build.0 = Release|Any CPU
		{D2C48F96-4C77-46FD-A9BF-5B4BC0305D3B}.Ad-Hoc|Any CPU.Deploy.0 = Release|Any CPU
		{D2C48F96-4C77-46FD-A9BF-5B4BC0305D3B}.Ad-Hoc|ARM.ActiveCfg = Release|ARM
		{D2C48F96-4C77-46FD-A9BF-5B4BC0305D3B}.Ad-Hoc|ARM.Build.0 = Release|ARM
		{D2C48F96-4C77-46FD-A9BF-5B4BC0305D3B}.Ad-Hoc|ARM.Deploy.0 = Release|ARM
		{D2C48F96-4C77-46FD-A9BF-5B4BC0305D3B}.Ad-Hoc|iPhone.ActiveCfg = Release|Any CPU
		{D2C48F96-4C77-46FD-A9BF-5B4BC0305D3B}.Ad-Hoc|iPhoneSimulator.ActiveCfg = Release|Any CPU
		{D2C48F96-4C77-46FD-A9BF-5B4BC0305D3B}.Ad-Hoc|Mixed Platforms.ActiveCfg = Release|x86
		{D2C48F96-4C77-46FD-A9BF-5B4BC0305D3B}.Ad-Hoc|Mixed Platforms.Build.0 = Release|x86
		{D2C48F96-4C77-46FD-A9BF-5B4BC0305D3B}.Ad-Hoc|Mixed Platforms.Deploy.0 = Release|x86
		{D2C48F96-4C77-46FD-A9BF-5B4BC0305D3B}.Ad-Hoc|x86.ActiveCfg = Release|x86
		{D2C48F96-4C77-46FD-A9BF-5B4BC0305D3B}.Ad-Hoc|x86.Build.0 = Release|x86
		{D2C48F96-4C77-46FD-A9BF-5B4BC0305D3B}.Ad-Hoc|x86.Deploy.0 = Release|x86
		{D2C48F96-4C77-46FD-A9BF-5B4BC0305D3B}.AppStore|Any CPU.ActiveCfg = Release|Any CPU
		{D2C48F96-4C77-46FD-A9BF-5B4BC0305D3B}.AppStore|Any CPU.Build.0 = Release|Any CPU
		{D2C48F96-4C77-46FD-A9BF-5B4BC0305D3B}.AppStore|Any CPU.Deploy.0 = Release|Any CPU
		{D2C48F96-4C77-46FD-A9BF-5B4BC0305D3B}.AppStore|ARM.ActiveCfg = Release|ARM
		{D2C48F96-4C77-46FD-A9BF-5B4BC0305D3B}.AppStore|ARM.Build.0 = Release|ARM
		{D2C48F96-4C77-46FD-A9BF-5B4BC0305D3B}.AppStore|ARM.Deploy.0 = Release|ARM
		{D2C48F96-4C77-46FD-A9BF-5B4BC0305D3B}.AppStore|iPhone.ActiveCfg = Release|Any CPU
		{D2C48F96-4C77-46FD-A9BF-5B4BC0305D3B}.AppStore|iPhoneSimulator.ActiveCfg = Release|Any CPU
		{D2C48F96-4C77-46FD-A9BF-5B4BC0305D3B}.AppStore|Mixed Platforms.ActiveCfg = Release|x86
		{D2C48F96-4C77-46FD-A9BF-5B4BC0305D3B}.AppStore|Mixed Platforms.Build.0 = Release|x86
		{D2C48F96-4C77-46FD-A9BF-5B4BC0305D3B}.AppStore|Mixed Platforms.Deploy.0 = Release|x86
		{D2C48F96-4C77-46FD-A9BF-5B4BC0305D3B}.AppStore|x86.ActiveCfg = Release|x86
		{D2C48F96-4C77-46FD-A9BF-5B4BC0305D3B}.AppStore|x86.Build.0 = Release|x86
		{D2C48F96-4C77-46FD-A9BF-5B4BC0305D3B}.AppStore|x86.Deploy.0 = Release|x86
		{D2C48F96-4C77-46FD-A9BF-5B4BC0305D3B}.Debug|Any CPU.ActiveCfg = Debug|Any CPU
		{D2C48F96-4C77-46FD-A9BF-5B4BC0305D3B}.Debug|Any CPU.Build.0 = Debug|Any CPU
		{D2C48F96-4C77-46FD-A9BF-5B4BC0305D3B}.Debug|Any CPU.Deploy.0 = Debug|Any CPU
		{D2C48F96-4C77-46FD-A9BF-5B4BC0305D3B}.Debug|ARM.ActiveCfg = Debug|ARM
		{D2C48F96-4C77-46FD-A9BF-5B4BC0305D3B}.Debug|ARM.Build.0 = Debug|ARM
		{D2C48F96-4C77-46FD-A9BF-5B4BC0305D3B}.Debug|ARM.Deploy.0 = Debug|ARM
		{D2C48F96-4C77-46FD-A9BF-5B4BC0305D3B}.Debug|iPhone.ActiveCfg = Debug|Any CPU
		{D2C48F96-4C77-46FD-A9BF-5B4BC0305D3B}.Debug|iPhone.Build.0 = Debug|Any CPU
		{D2C48F96-4C77-46FD-A9BF-5B4BC0305D3B}.Debug|iPhone.Deploy.0 = Debug|Any CPU
		{D2C48F96-4C77-46FD-A9BF-5B4BC0305D3B}.Debug|iPhoneSimulator.ActiveCfg = Debug|Any CPU
		{D2C48F96-4C77-46FD-A9BF-5B4BC0305D3B}.Debug|iPhoneSimulator.Build.0 = Debug|Any CPU
		{D2C48F96-4C77-46FD-A9BF-5B4BC0305D3B}.Debug|iPhoneSimulator.Deploy.0 = Debug|Any CPU
		{D2C48F96-4C77-46FD-A9BF-5B4BC0305D3B}.Debug|Mixed Platforms.ActiveCfg = Debug|x86
		{D2C48F96-4C77-46FD-A9BF-5B4BC0305D3B}.Debug|Mixed Platforms.Build.0 = Debug|x86
		{D2C48F96-4C77-46FD-A9BF-5B4BC0305D3B}.Debug|Mixed Platforms.Deploy.0 = Debug|x86
		{D2C48F96-4C77-46FD-A9BF-5B4BC0305D3B}.Debug|x86.ActiveCfg = Debug|x86
		{D2C48F96-4C77-46FD-A9BF-5B4BC0305D3B}.Debug|x86.Build.0 = Debug|x86
		{D2C48F96-4C77-46FD-A9BF-5B4BC0305D3B}.Debug|x86.Deploy.0 = Debug|x86
		{D2C48F96-4C77-46FD-A9BF-5B4BC0305D3B}.Release|Any CPU.ActiveCfg = Release|Any CPU
		{D2C48F96-4C77-46FD-A9BF-5B4BC0305D3B}.Release|Any CPU.Build.0 = Release|Any CPU
		{D2C48F96-4C77-46FD-A9BF-5B4BC0305D3B}.Release|Any CPU.Deploy.0 = Release|Any CPU
		{D2C48F96-4C77-46FD-A9BF-5B4BC0305D3B}.Release|ARM.ActiveCfg = Release|ARM
		{D2C48F96-4C77-46FD-A9BF-5B4BC0305D3B}.Release|ARM.Build.0 = Release|ARM
		{D2C48F96-4C77-46FD-A9BF-5B4BC0305D3B}.Release|ARM.Deploy.0 = Release|ARM
		{D2C48F96-4C77-46FD-A9BF-5B4BC0305D3B}.Release|iPhone.ActiveCfg = Release|Any CPU
		{D2C48F96-4C77-46FD-A9BF-5B4BC0305D3B}.Release|iPhoneSimulator.ActiveCfg = Release|Any CPU
		{D2C48F96-4C77-46FD-A9BF-5B4BC0305D3B}.Release|Mixed Platforms.ActiveCfg = Release|x86
		{D2C48F96-4C77-46FD-A9BF-5B4BC0305D3B}.Release|Mixed Platforms.Build.0 = Release|x86
		{D2C48F96-4C77-46FD-A9BF-5B4BC0305D3B}.Release|Mixed Platforms.Deploy.0 = Release|x86
		{D2C48F96-4C77-46FD-A9BF-5B4BC0305D3B}.Release|x86.ActiveCfg = Release|x86
		{D2C48F96-4C77-46FD-A9BF-5B4BC0305D3B}.Release|x86.Build.0 = Release|x86
		{D2C48F96-4C77-46FD-A9BF-5B4BC0305D3B}.Release|x86.Deploy.0 = Release|x86
	EndGlobalSection
	GlobalSection(SolutionProperties) = preSolution
		HideSolutionNode = FALSE
	EndGlobalSection
EndGlobal
